// !$*UTF8*$!
{
	archiveVersion = 1;
	classes = {
	};
	objectVersion = 56;
	objects = {

/* Begin PBXBuildFile section */
		71439B5F29584F65006425DC /* AppDelegate.swift in Sources */ = {isa = PBXBuildFile; fileRef = 71439B5E29584F65006425DC /* AppDelegate.swift */; };
		71439B6129584F65006425DC /* SceneDelegate.swift in Sources */ = {isa = PBXBuildFile; fileRef = 71439B6029584F65006425DC /* SceneDelegate.swift */; };
		71439B6329584F65006425DC /* ViewController.swift in Sources */ = {isa = PBXBuildFile; fileRef = 71439B6229584F65006425DC /* ViewController.swift */; };
		71439B6629584F65006425DC /* Main.storyboard in Resources */ = {isa = PBXBuildFile; fileRef = 71439B6429584F65006425DC /* Main.storyboard */; };
		71439B6829584F66006425DC /* Assets.xcassets in Resources */ = {isa = PBXBuildFile; fileRef = 71439B6729584F66006425DC /* Assets.xcassets */; };
		71439B6B29584F66006425DC /* LaunchScreen.storyboard in Resources */ = {isa = PBXBuildFile; fileRef = 71439B6929584F66006425DC /* LaunchScreen.storyboard */; };
		71439B7329585BB9006425DC /* GoogleService-Info.plist in Resources */ = {isa = PBXBuildFile; fileRef = 71439B7229585BB9006425DC /* GoogleService-Info.plist */; };
		71439B7F29587632006425DC /* SignIn.swift in Sources */ = {isa = PBXBuildFile; fileRef = 71439B7E29587632006425DC /* SignIn.swift */; };
		71439B8129587643006425DC /* SignIn.storyboard in Resources */ = {isa = PBXBuildFile; fileRef = 71439B8029587643006425DC /* SignIn.storyboard */; };
		71BDA4E12958C4BC00E1484E /* SignUp.swift in Sources */ = {isa = PBXBuildFile; fileRef = 71BDA4E02958C4BC00E1484E /* SignUp.swift */; };
		71BDA4E32958C4C900E1484E /* SignUp.storyboard in Resources */ = {isa = PBXBuildFile; fileRef = 71BDA4E22958C4C900E1484E /* SignUp.storyboard */; };
		F3D1CF54E78A1797F2113AFB /* Pods_FirebaseEmailPassLoginAdv.framework in Frameworks */ = {isa = PBXBuildFile; fileRef = 0BAFEA40069AE95AB70B6806 /* Pods_FirebaseEmailPassLoginAdv.framework */; };
/* End PBXBuildFile section */

/* Begin PBXFileReference section */
		0BAFEA40069AE95AB70B6806 /* Pods_FirebaseEmailPassLoginAdv.framework */ = {isa = PBXFileReference; explicitFileType = wrapper.framework; includeInIndex = 0; path = Pods_FirebaseEmailPassLoginAdv.framework; sourceTree = BUILT_PRODUCTS_DIR; };
		56AFE81FE5CC26A26649DAF0 /* Pods-FirebaseEmailPassLoginAdv.release.xcconfig */ = {isa = PBXFileReference; includeInIndex = 1; lastKnownFileType = text.xcconfig; name = "Pods-FirebaseEmailPassLoginAdv.release.xcconfig"; path = "Target Support Files/Pods-FirebaseEmailPassLoginAdv/Pods-FirebaseEmailPassLoginAdv.release.xcconfig"; sourceTree = "<group>"; };
		71439B5B29584F65006425DC /* FirebaseEmailPassLoginAdv.app */ = {isa = PBXFileReference; explicitFileType = wrapper.application; includeInIndex = 0; path = FirebaseEmailPassLoginAdv.app; sourceTree = BUILT_PRODUCTS_DIR; };
		71439B5E29584F65006425DC /* AppDelegate.swift */ = {isa = PBXFileReference; lastKnownFileType = sourcecode.swift; path = AppDelegate.swift; sourceTree = "<group>"; };
		71439B6029584F65006425DC /* SceneDelegate.swift */ = {isa = PBXFileReference; lastKnownFileType = sourcecode.swift; path = SceneDelegate.swift; sourceTree = "<group>"; };
		71439B6229584F65006425DC /* ViewController.swift */ = {isa = PBXFileReference; lastKnownFileType = sourcecode.swift; path = ViewController.swift; sourceTree = "<group>"; };
		71439B6529584F65006425DC /* Base */ = {isa = PBXFileReference; lastKnownFileType = file.storyboard; name = Base; path = Base.lproj/Main.storyboard; sourceTree = "<group>"; };
		71439B6729584F66006425DC /* Assets.xcassets */ = {isa = PBXFileReference; lastKnownFileType = folder.assetcatalog; path = Assets.xcassets; sourceTree = "<group>"; };
		71439B6A29584F66006425DC /* Base */ = {isa = PBXFileReference; lastKnownFileType = file.storyboard; name = Base; path = Base.lproj/LaunchScreen.storyboard; sourceTree = "<group>"; };
		71439B6C29584F66006425DC /* Info.plist */ = {isa = PBXFileReference; lastKnownFileType = text.plist.xml; path = Info.plist; sourceTree = "<group>"; };
		71439B7229585BB9006425DC /* GoogleService-Info.plist */ = {isa = PBXFileReference; fileEncoding = 4; lastKnownFileType = text.plist.xml; path = "GoogleService-Info.plist"; sourceTree = "<group>"; };
		71439B7E29587632006425DC /* SignIn.swift */ = {isa = PBXFileReference; lastKnownFileType = sourcecode.swift; path = SignIn.swift; sourceTree = "<group>"; };
		71439B8029587643006425DC /* SignIn.storyboard */ = {isa = PBXFileReference; lastKnownFileType = file.storyboard; path = SignIn.storyboard; sourceTree = "<group>"; };
		71BDA4E02958C4BC00E1484E /* SignUp.swift */ = {isa = PBXFileReference; lastKnownFileType = sourcecode.swift; path = SignUp.swift; sourceTree = "<group>"; };
		71BDA4E22958C4C900E1484E /* SignUp.storyboard */ = {isa = PBXFileReference; lastKnownFileType = file.storyboard; path = SignUp.storyboard; sourceTree = "<group>"; };
		8038DC984874AFD176353AA4 /* Pods-FirebaseEmailPassLoginAdv.debug.xcconfig */ = {isa = PBXFileReference; includeInIndex = 1; lastKnownFileType = text.xcconfig; name = "Pods-FirebaseEmailPassLoginAdv.debug.xcconfig"; path = "Target Support Files/Pods-FirebaseEmailPassLoginAdv/Pods-FirebaseEmailPassLoginAdv.debug.xcconfig"; sourceTree = "<group>"; };
/* End PBXFileReference section */

/* Begin PBXFrameworksBuildPhase section */
		71439B5829584F65006425DC /* Frameworks */ = {
			isa = PBXFrameworksBuildPhase;
			buildActionMask = 2147483647;
			files = (
				F3D1CF54E78A1797F2113AFB /* Pods_FirebaseEmailPassLoginAdv.framework in Frameworks */,
			);
			runOnlyForDeploymentPostprocessing = 0;
		};
/* End PBXFrameworksBuildPhase section */

/* Begin PBXGroup section */
		6CC9D90FF72A1209A42C59B2 /* Frameworks */ = {
			isa = PBXGroup;
			children = (
				0BAFEA40069AE95AB70B6806 /* Pods_FirebaseEmailPassLoginAdv.framework */,
			);
			name = Frameworks;
			sourceTree = "<group>";
		};
		6ECB9A89A89F5AC3BE10AB62 /* Pods */ = {
			isa = PBXGroup;
			children = (
				8038DC984874AFD176353AA4 /* Pods-FirebaseEmailPassLoginAdv.debug.xcconfig */,
				56AFE81FE5CC26A26649DAF0 /* Pods-FirebaseEmailPassLoginAdv.release.xcconfig */,
			);
			path = Pods;
			sourceTree = "<group>";
		};
		71439B5229584F65006425DC = {
			isa = PBXGroup;
			children = (
				71439B5D29584F65006425DC /* FirebaseEmailPassLoginAdv */,
				71439B5C29584F65006425DC /* Products */,
				6ECB9A89A89F5AC3BE10AB62 /* Pods */,
				6CC9D90FF72A1209A42C59B2 /* Frameworks */,
			);
			sourceTree = "<group>";
		};
		71439B5C29584F65006425DC /* Products */ = {
			isa = PBXGroup;
			children = (
				71439B5B29584F65006425DC /* FirebaseEmailPassLoginAdv.app */,
			);
			name = Products;
			sourceTree = "<group>";
		};
		71439B5D29584F65006425DC /* FirebaseEmailPassLoginAdv */ = {
			isa = PBXGroup;
			children = (
				71BDA4ED2958D02A00E1484E /* Helper */,
				71439B7729585E1C006425DC /* System */,
				71439B7629585E15006425DC /* Model */,
				71439B7529585E10006425DC /* View */,
				71439B7429585E09006425DC /* Controller */,
				71439B6729584F66006425DC /* Assets.xcassets */,
				71439B6929584F66006425DC /* LaunchScreen.storyboard */,
				71439B7229585BB9006425DC /* GoogleService-Info.plist */,
				71439B6C29584F66006425DC /* Info.plist */,
			);
			path = FirebaseEmailPassLoginAdv;
			sourceTree = "<group>";
		};
		71439B7429585E09006425DC /* Controller */ = {
			isa = PBXGroup;
			children = (
				71439B6229584F65006425DC /* ViewController.swift */,
				71439B6429584F65006425DC /* Main.storyboard */,
			);
			path = Controller;
			sourceTree = "<group>";
		};
		71439B7529585E10006425DC /* View */ = {
			isa = PBXGroup;
			children = (
				71BDA4DF2958C4A600E1484E /* SignUp */,
				71439B7D29587617006425DC /* SignIn */,
			);
			path = View;
			sourceTree = "<group>";
		};
		71439B7629585E15006425DC /* Model */ = {
			isa = PBXGroup;
			children = (
			);
			path = Model;
			sourceTree = "<group>";
		};
		71439B7729585E1C006425DC /* System */ = {
			isa = PBXGroup;
			children = (
				71439B5E29584F65006425DC /* AppDelegate.swift */,
				71439B6029584F65006425DC /* SceneDelegate.swift */,
			);
			path = System;
			sourceTree = "<group>";
		};
		71439B7D29587617006425DC /* SignIn */ = {
			isa = PBXGroup;
			children = (
				71439B7E29587632006425DC /* SignIn.swift */,
				71439B8029587643006425DC /* SignIn.storyboard */,
			);
			path = SignIn;
			sourceTree = "<group>";
		};
		71BDA4DF2958C4A600E1484E /* SignUp */ = {
			isa = PBXGroup;
			children = (
				71BDA4E02958C4BC00E1484E /* SignUp.swift */,
				71BDA4E22958C4C900E1484E /* SignUp.storyboard */,
			);
			path = SignUp;
			sourceTree = "<group>";
		};
		71BDA4ED2958D02A00E1484E /* Helper */ = {
			isa = PBXGroup;
			children = (
			);
			path = Helper;
			sourceTree = "<group>";
		};
/* End PBXGroup section */

/* Begin PBXNativeTarget section */
		71439B5A29584F65006425DC /* FirebaseEmailPassLoginAdv */ = {
			isa = PBXNativeTarget;
			buildConfigurationList = 71439B6F29584F66006425DC /* Build configuration list for PBXNativeTarget "FirebaseEmailPassLoginAdv" */;
			buildPhases = (
				684F2A9AD897D552E47CF95C /* [CP] Check Pods Manifest.lock */,
				71439B5729584F65006425DC /* Sources */,
				71439B5829584F65006425DC /* Frameworks */,
				71439B5929584F65006425DC /* Resources */,
				38E51C53C1B3F095EFB5DC2A /* [CP] Embed Pods Frameworks */,
			);
			buildRules = (
			);
			dependencies = (
			);
			name = FirebaseEmailPassLoginAdv;
			productName = FirebaseEmailPassLoginAdv;
			productReference = 71439B5B29584F65006425DC /* FirebaseEmailPassLoginAdv.app */;
			productType = "com.apple.product-type.application";
		};
/* End PBXNativeTarget section */

/* Begin PBXProject section */
		71439B5329584F65006425DC /* Project object */ = {
			isa = PBXProject;
			attributes = {
				BuildIndependentTargetsInParallel = 1;
				LastSwiftUpdateCheck = 1410;
				LastUpgradeCheck = 1410;
				TargetAttributes = {
					71439B5A29584F65006425DC = {
						CreatedOnToolsVersion = 14.1;
					};
				};
			};
			buildConfigurationList = 71439B5629584F65006425DC /* Build configuration list for PBXProject "FirebaseEmailPassLoginAdv" */;
			compatibilityVersion = "Xcode 14.0";
			developmentRegion = en;
			hasScannedForEncodings = 0;
			knownRegions = (
				en,
				Base,
			);
			mainGroup = 71439B5229584F65006425DC;
			productRefGroup = 71439B5C29584F65006425DC /* Products */;
			projectDirPath = "";
			projectRoot = "";
			targets = (
				71439B5A29584F65006425DC /* FirebaseEmailPassLoginAdv */,
			);
		};
/* End PBXProject section */

/* Begin PBXResourcesBuildPhase section */
		71439B5929584F65006425DC /* Resources */ = {
			isa = PBXResourcesBuildPhase;
			buildActionMask = 2147483647;
			files = (
				71439B6B29584F66006425DC /* LaunchScreen.storyboard in Resources */,
				71439B7329585BB9006425DC /* GoogleService-Info.plist in Resources */,
				71BDA4E32958C4C900E1484E /* SignUp.storyboard in Resources */,
				71439B8129587643006425DC /* SignIn.storyboard in Resources */,
				71439B6829584F66006425DC /* Assets.xcassets in Resources */,
				71439B6629584F65006425DC /* Main.storyboard in Resources */,
			);
			runOnlyForDeploymentPostprocessing = 0;
		};
/* End PBXResourcesBuildPhase section */

/* Begin PBXShellScriptBuildPhase section */
		38E51C53C1B3F095EFB5DC2A /* [CP] Embed Pods Frameworks */ = {
			isa = PBXShellScriptBuildPhase;
			buildActionMask = 2147483647;
			files = (
			);
			inputFileListPaths = (
				"${PODS_ROOT}/Target Support Files/Pods-FirebaseEmailPassLoginAdv/Pods-FirebaseEmailPassLoginAdv-frameworks-${CONFIGURATION}-input-files.xcfilelist",
			);
			name = "[CP] Embed Pods Frameworks";
			outputFileListPaths = (
				"${PODS_ROOT}/Target Support Files/Pods-FirebaseEmailPassLoginAdv/Pods-FirebaseEmailPassLoginAdv-frameworks-${CONFIGURATION}-output-files.xcfilelist",
			);
			runOnlyForDeploymentPostprocessing = 0;
			shellPath = /bin/sh;
			shellScript = "\"${PODS_ROOT}/Target Support Files/Pods-FirebaseEmailPassLoginAdv/Pods-FirebaseEmailPassLoginAdv-frameworks.sh\"\n";
			showEnvVarsInLog = 0;
		};
		684F2A9AD897D552E47CF95C /* [CP] Check Pods Manifest.lock */ = {
			isa = PBXShellScriptBuildPhase;
			buildActionMask = 2147483647;
			files = (
			);
			inputFileListPaths = (
			);
			inputPaths = (
				"${PODS_PODFILE_DIR_PATH}/Podfile.lock",
				"${PODS_ROOT}/Manifest.lock",
			);
			name = "[CP] Check Pods Manifest.lock";
			outputFileListPaths = (
			);
			outputPaths = (
				"$(DERIVED_FILE_DIR)/Pods-FirebaseEmailPassLoginAdv-checkManifestLockResult.txt",
			);
			runOnlyForDeploymentPostprocessing = 0;
			shellPath = /bin/sh;
			shellScript = "diff \"${PODS_PODFILE_DIR_PATH}/Podfile.lock\" \"${PODS_ROOT}/Manifest.lock\" > /dev/null\nif [ $? != 0 ] ; then\n    # print error to STDERR\n    echo \"error: The sandbox is not in sync with the Podfile.lock. Run 'pod install' or update your CocoaPods installation.\" >&2\n    exit 1\nfi\n# This output is used by Xcode 'outputs' to avoid re-running this script phase.\necho \"SUCCESS\" > \"${SCRIPT_OUTPUT_FILE_0}\"\n";
			showEnvVarsInLog = 0;
		};
/* End PBXShellScriptBuildPhase section */

/* Begin PBXSourcesBuildPhase section */
		71439B5729584F65006425DC /* Sources */ = {
			isa = PBXSourcesBuildPhase;
			buildActionMask = 2147483647;
			files = (
				71439B6329584F65006425DC /* ViewController.swift in Sources */,
				71439B5F29584F65006425DC /* AppDelegate.swift in Sources */,
				71439B7F29587632006425DC /* SignIn.swift in Sources */,
				71439B6129584F65006425DC /* SceneDelegate.swift in Sources */,
				71BDA4E12958C4BC00E1484E /* SignUp.swift in Sources */,
			);
			runOnlyForDeploymentPostprocessing = 0;
		};
/* End PBXSourcesBuildPhase section */

/* Begin PBXVariantGroup section */
		71439B6429584F65006425DC /* Main.storyboard */ = {
			isa = PBXVariantGroup;
			children = (
				71439B6529584F65006425DC /* Base */,
			);
			name = Main.storyboard;
			sourceTree = "<group>";
		};
		71439B6929584F66006425DC /* LaunchScreen.storyboard */ = {
			isa = PBXVariantGroup;
			children = (
				71439B6A29584F66006425DC /* Base */,
			);
			name = LaunchScreen.storyboard;
			sourceTree = "<group>";
		};
/* End PBXVariantGroup section */

/* Begin XCBuildConfiguration section */
		71439B6D29584F66006425DC /* Debug */ = {
			isa = XCBuildConfiguration;
			buildSettings = {
				ALWAYS_SEARCH_USER_PATHS = NO;
				CLANG_ANALYZER_NONNULL = YES;
				CLANG_ANALYZER_NUMBER_OBJECT_CONVERSION = YES_AGGRESSIVE;
				CLANG_CXX_LANGUAGE_STANDARD = "gnu++20";
				CLANG_ENABLE_MODULES = YES;
				CLANG_ENABLE_OBJC_ARC = YES;
				CLANG_ENABLE_OBJC_WEAK = YES;
				CLANG_WARN_BLOCK_CAPTURE_AUTORELEASING = YES;
				CLANG_WARN_BOOL_CONVERSION = YES;
				CLANG_WARN_COMMA = YES;
				CLANG_WARN_CONSTANT_CONVERSION = YES;
				CLANG_WARN_DEPRECATED_OBJC_IMPLEMENTATIONS = YES;
				CLANG_WARN_DIRECT_OBJC_ISA_USAGE = YES_ERROR;
				CLANG_WARN_DOCUMENTATION_COMMENTS = YES;
				CLANG_WARN_EMPTY_BODY = YES;
				CLANG_WARN_ENUM_CONVERSION = YES;
				CLANG_WARN_INFINITE_RECURSION = YES;
				CLANG_WARN_INT_CONVERSION = YES;
				CLANG_WARN_NON_LITERAL_NULL_CONVERSION = YES;
				CLANG_WARN_OBJC_IMPLICIT_RETAIN_SELF = YES;
				CLANG_WARN_OBJC_LITERAL_CONVERSION = YES;
				CLANG_WARN_OBJC_ROOT_CLASS = YES_ERROR;
				CLANG_WARN_QUOTED_INCLUDE_IN_FRAMEWORK_HEADER = YES;
				CLANG_WARN_RANGE_LOOP_ANALYSIS = YES;
				CLANG_WARN_STRICT_PROTOTYPES = YES;
				CLANG_WARN_SUSPICIOUS_MOVE = YES;
				CLANG_WARN_UNGUARDED_AVAILABILITY = YES_AGGRESSIVE;
				CLANG_WARN_UNREACHABLE_CODE = YES;
				CLANG_WARN__DUPLICATE_METHOD_MATCH = YES;
				COPY_PHASE_STRIP = NO;
				DEBUG_INFORMATION_FORMAT = dwarf;
				ENABLE_STRICT_OBJC_MSGSEND = YES;
				ENABLE_TESTABILITY = YES;
				GCC_C_LANGUAGE_STANDARD = gnu11;
				GCC_DYNAMIC_NO_PIC = NO;
				GCC_NO_COMMON_BLOCKS = YES;
				GCC_OPTIMIZATION_LEVEL = 0;
				GCC_PREPROCESSOR_DEFINITIONS = (
					"DEBUG=1",
					"$(inherited)",
				);
				GCC_WARN_64_TO_32_BIT_CONVERSION = YES;
				GCC_WARN_ABOUT_RETURN_TYPE = YES_ERROR;
				GCC_WARN_UNDECLARED_SELECTOR = YES;
				GCC_WARN_UNINITIALIZED_AUTOS = YES_AGGRESSIVE;
				GCC_WARN_UNUSED_FUNCTION = YES;
				GCC_WARN_UNUSED_VARIABLE = YES;
				IPHONEOS_DEPLOYMENT_TARGET = 16.1;
				MTL_ENABLE_DEBUG_INFO = INCLUDE_SOURCE;
				MTL_FAST_MATH = YES;
				ONLY_ACTIVE_ARCH = YES;
				SDKROOT = iphoneos;
				SWIFT_ACTIVE_COMPILATION_CONDITIONS = DEBUG;
				SWIFT_OPTIMIZATION_LEVEL = "-Onone";
			};
			name = Debug;
		};
		71439B6E29584F66006425DC /* Release */ = {
			isa = XCBuildConfiguration;
			buildSettings = {
				ALWAYS_SEARCH_USER_PATHS = NO;
				CLANG_ANALYZER_NONNULL = YES;
				CLANG_ANALYZER_NUMBER_OBJECT_CONVERSION = YES_AGGRESSIVE;
				CLANG_CXX_LANGUAGE_STANDARD = "gnu++20";
				CLANG_ENABLE_MODULES = YES;
				CLANG_ENABLE_OBJC_ARC = YES;
				CLANG_ENABLE_OBJC_WEAK = YES;
				CLANG_WARN_BLOCK_CAPTURE_AUTORELEASING = YES;
				CLANG_WARN_BOOL_CONVERSION = YES;
				CLANG_WARN_COMMA = YES;
				CLANG_WARN_CONSTANT_CONVERSION = YES;
				CLANG_WARN_DEPRECATED_OBJC_IMPLEMENTATIONS = YES;
				CLANG_WARN_DIRECT_OBJC_ISA_USAGE = YES_ERROR;
				CLANG_WARN_DOCUMENTATION_COMMENTS = YES;
				CLANG_WARN_EMPTY_BODY = YES;
				CLANG_WARN_ENUM_CONVERSION = YES;
				CLANG_WARN_INFINITE_RECURSION = YES;
				CLANG_WARN_INT_CONVERSION = YES;
				CLANG_WARN_NON_LITERAL_NULL_CONVERSION = YES;
				CLANG_WARN_OBJC_IMPLICIT_RETAIN_SELF = YES;
				CLANG_WARN_OBJC_LITERAL_CONVERSION = YES;
				CLANG_WARN_OBJC_ROOT_CLASS = YES_ERROR;
				CLANG_WARN_QUOTED_INCLUDE_IN_FRAMEWORK_HEADER = YES;
				CLANG_WARN_RANGE_LOOP_ANALYSIS = YES;
				CLANG_WARN_STRICT_PROTOTYPES = YES;
				CLANG_WARN_SUSPICIOUS_MOVE = YES;
				CLANG_WARN_UNGUARDED_AVAILABILITY = YES_AGGRESSIVE;
				CLANG_WARN_UNREACHABLE_CODE = YES;
				CLANG_WARN__DUPLICATE_METHOD_MATCH = YES;
				COPY_PHASE_STRIP = NO;
				DEBUG_INFORMATION_FORMAT = "dwarf-with-dsym";
				ENABLE_NS_ASSERTIONS = NO;
				ENABLE_STRICT_OBJC_MSGSEND = YES;
				GCC_C_LANGUAGE_STANDARD = gnu11;
				GCC_NO_COMMON_BLOCKS = YES;
				GCC_WARN_64_TO_32_BIT_CONVERSION = YES;
				GCC_WARN_ABOUT_RETURN_TYPE = YES_ERROR;
				GCC_WARN_UNDECLARED_SELECTOR = YES;
				GCC_WARN_UNINITIALIZED_AUTOS = YES_AGGRESSIVE;
				GCC_WARN_UNUSED_FUNCTION = YES;
				GCC_WARN_UNUSED_VARIABLE = YES;
				IPHONEOS_DEPLOYMENT_TARGET = 16.1;
				MTL_ENABLE_DEBUG_INFO = NO;
				MTL_FAST_MATH = YES;
				SDKROOT = iphoneos;
				SWIFT_COMPILATION_MODE = wholemodule;
				SWIFT_OPTIMIZATION_LEVEL = "-O";
				VALIDATE_PRODUCT = YES;
			};
			name = Release;
		};
		71439B7029584F66006425DC /* Debug */ = {
			isa = XCBuildConfiguration;
			baseConfigurationReference = 8038DC984874AFD176353AA4 /* Pods-FirebaseEmailPassLoginAdv.debug.xcconfig */;
			buildSettings = {
				ASSETCATALOG_COMPILER_APPICON_NAME = AppIcon;
				ASSETCATALOG_COMPILER_GLOBAL_ACCENT_COLOR_NAME = AccentColor;
				CODE_SIGN_STYLE = Automatic;
				CURRENT_PROJECT_VERSION = 1;
				DEVELOPMENT_TEAM = WXHAH5T735;
				GENERATE_INFOPLIST_FILE = YES;
				INFOPLIST_FILE = FirebaseEmailPassLoginAdv/Info.plist;
				INFOPLIST_KEY_UIApplicationSupportsIndirectInputEvents = YES;
				INFOPLIST_KEY_UILaunchStoryboardName = LaunchScreen;
				INFOPLIST_KEY_UIMainStoryboardFile = Main;
				INFOPLIST_KEY_UISupportedInterfaceOrientations_iPad = "UIInterfaceOrientationPortrait UIInterfaceOrientationPortraitUpsideDown UIInterfaceOrientationLandscapeLeft UIInterfaceOrientationLandscapeRight";
				INFOPLIST_KEY_UISupportedInterfaceOrientations_iPhone = "UIInterfaceOrientationPortrait UIInterfaceOrientationLandscapeLeft UIInterfaceOrientationLandscapeRight";
				LD_RUNPATH_SEARCH_PATHS = (
					"$(inherited)",
					"@executable_path/Frameworks",
				);
				MARKETING_VERSION = 1.0;
				PRODUCT_BUNDLE_IDENTIFIER = com.faysal.FirebaseEmailPassLoginAdv;
				PRODUCT_NAME = "$(TARGET_NAME)";
				SWIFT_EMIT_LOC_STRINGS = YES;
				SWIFT_VERSION = 5.0;
				TARGETED_DEVICE_FAMILY = "1,2";
			};
			name = Debug;
		};
		71439B7129584F66006425DC /* Release */ = {
			isa = XCBuildConfiguration;
			baseConfigurationReference = 56AFE81FE5CC26A26649DAF0 /* Pods-FirebaseEmailPassLoginAdv.release.xcconfig */;
			buildSettings = {
				ASSETCATALOG_COMPILER_APPICON_NAME = AppIcon;
				ASSETCATALOG_COMPILER_GLOBAL_ACCENT_COLOR_NAME = AccentColor;
				CODE_SIGN_STYLE = Automatic;
				CURRENT_PROJECT_VERSION = 1;
				DEVELOPMENT_TEAM = WXHAH5T735;
				GENERATE_INFOPLIST_FILE = YES;
				INFOPLIST_FILE = FirebaseEmailPassLoginAdv/Info.plist;
				INFOPLIST_KEY_UIApplicationSupportsIndirectInputEvents = YES;
				INFOPLIST_KEY_UILaunchStoryboardName = LaunchScreen;
				INFOPLIST_KEY_UIMainStoryboardFile = Main;
				INFOPLIST_KEY_UISupportedInterfaceOrientations_iPad = "UIInterfaceOrientationPortrait UIInterfaceOrientationPortraitUpsideDown UIInterfaceOrientationLandscapeLeft UIInterfaceOrientationLandscapeRight";
				INFOPLIST_KEY_UISupportedInterfaceOrientations_iPhone = "UIInterfaceOrientationPortrait UIInterfaceOrientationLandscapeLeft UIInterfaceOrientationLandscapeRight";
				LD_RUNPATH_SEARCH_PATHS = (
					"$(inherited)",
					"@executable_path/Frameworks",
				);
				MARKETING_VERSION = 1.0;
				PRODUCT_BUNDLE_IDENTIFIER = com.faysal.FirebaseEmailPassLoginAdv;
				PRODUCT_NAME = "$(TARGET_NAME)";
				SWIFT_EMIT_LOC_STRINGS = YES;
				SWIFT_VERSION = 5.0;
				TARGETED_DEVICE_FAMILY = "1,2";
			};
			name = Release;
		};
/* End XCBuildConfiguration section */

/* Begin XCConfigurationList section */
		71439B5629584F65006425DC /* Build configuration list for PBXProject "FirebaseEmailPassLoginAdv" */ = {
			isa = XCConfigurationList;
			buildConfigurations = (
				71439B6D29584F66006425DC /* Debug */,
				71439B6E29584F66006425DC /* Release */,
			);
			defaultConfigurationIsVisible = 0;
			defaultConfigurationName = Release;
		};
		71439B6F29584F66006425DC /* Build configuration list for PBXNativeTarget "FirebaseEmailPassLoginAdv" */ = {
			isa = XCConfigurationList;
			buildConfigurations = (
				71439B7029584F66006425DC /* Debug */,
				71439B7129584F66006425DC /* Release */,
			);
			defaultConfigurationIsVisible = 0;
			defaultConfigurationName = Release;
		};
/* End XCConfigurationList section */
	};
	rootObject = 71439B5329584F65006425DC /* Project object */;
}
